
Microsoft Visual Studio Solution File, Format Version 12.00
# Visual Studio Version 17
VisualStudioVersion = 17.11.35327.3
MinimumVisualStudioVersion = 10.0.40219.1
Project("{FAE04EC0-301F-11D3-BF4B-00C04F79EFBC}") = "WebThucHanh", "WebThucHanh.csproj", "{54CB2EB4-C58C-4D23-84F2-0AF3E32D9C88}"
EndProject
Global
	GlobalSection(SolutionConfigurationPlatforms) = preSolution
		Debug|Any CPU = Debug|Any CPU
		Release|Any CPU = Release|Any CPU
	EndGlobalSection
	GlobalSection(ProjectConfigurationPlatforms) = postSolution
		{54CB2EB4-C58C-4D23-84F2-0AF3E32D9C88}.Debug|Any CPU.ActiveCfg = Debug|Any CPU
		{54CB2EB4-C58C-4D23-84F2-0AF3E32D9C88}.Debug|Any CPU.Build.0 = Debug|Any CPU
		{54CB2EB4-C58C-4D23-84F2-0AF3E32D9C88}.Release|Any CPU.ActiveCfg = Release|Any CPU
		{54CB2EB4-C58C-4D23-84F2-0AF3E32D9C88}.Release|Any CPU.Build.0 = Release|Any CPU
	EndGlobalSection
	GlobalSection(SolutionProperties) = preSolution
		HideSolutionNode = FALSE
	EndGlobalSection
	GlobalSection(ExtensibilityGlobals) = postSolution
		SolutionGuid = {575624F3-77B2-46C4-894B-DE43D0966174}
	EndGlobalSection
EndGlobal
